
Microsoft Visual Studio Solution File, Format Version 12.00
# Visual Studio 15
VisualStudioVersion = 15.0.26730.10
MinimumVisualStudioVersion = 10.0.40219.1

Project("{D954291E-2A0B-460D-934E-DC6B0785DB48}") = "XamarinForm", "XamarinForm\XamarinForm\XamarinForm.shproj", "{23CAFBEC-2784-47C0-993D-D6E191B9815B}"
EndProject


Project("{FAE04EC0-301F-11D3-BF4B-00C04F79EFBC}") = "XamarinForm.iOS", "XamarinForm\XamarinForm.iOS\XamarinForm.iOS.csproj", "{95539E5F-D897-4B95-9396-9F3329C56619}"
EndProject


Project("{FAE04EC0-301F-11D3-BF4B-00C04F79EFBC}") = "XamarinForm.Android", "XamarinForm\XamarinForm.Android\XamarinForm.Android.csproj", "{3601ED3F-9025-4A1E-BE13-A948B5B197C8}"
EndProject


Global
	GlobalSection(SolutionConfigurationPlatforms) = preSolution
		Ad-Hoc|Any CPU = Ad-Hoc|Any CPU
		Ad-Hoc|ARM = Ad-Hoc|ARM
		Ad-Hoc|iPhone = Ad-Hoc|iPhone
		Ad-Hoc|iPhoneSimulator = Ad-Hoc|iPhoneSimulator
		Ad-Hoc|x64 = Ad-Hoc|x64
		Ad-Hoc|x86 = Ad-Hoc|x86
		AppStore|Any CPU = AppStore|Any CPU
		AppStore|ARM = AppStore|ARM
		AppStore|iPhone = AppStore|iPhone
		AppStore|iPhoneSimulator = AppStore|iPhoneSimulator
		AppStore|x64 = AppStore|x64
		AppStore|x86 = AppStore|x86
		Debug|Any CPU = Debug|Any CPU
		Debug|ARM = Debug|ARM
		Debug|iPhone = Debug|iPhone
		Debug|iPhoneSimulator = Debug|iPhoneSimulator
		Debug|x64 = Debug|x64
		Debug|x86 = Debug|x86
		Release|Any CPU = Release|Any CPU
		Release|ARM = Release|ARM
		Release|iPhone = Release|iPhone
		Release|iPhoneSimulator = Release|iPhoneSimulator
		Release|x64 = Release|x64
		Release|x86 = Release|x86
	EndGlobalSection
	GlobalSection(ProjectConfigurationPlatforms) = postSolution
		{200C771F-A834-4105-BA53-AB4AFCE0F635}.Ad-Hoc|Any CPU.ActiveCfg = Debug|Any CPU
		{200C771F-A834-4105-BA53-AB4AFCE0F635}.Ad-Hoc|Any CPU.Build.0 = Debug|Any CPU
		{200C771F-A834-4105-BA53-AB4AFCE0F635}.Ad-Hoc|ARM.ActiveCfg = Debug|Any CPU
		{200C771F-A834-4105-BA53-AB4AFCE0F635}.Ad-Hoc|ARM.Build.0 = Debug|Any CPU
		{200C771F-A834-4105-BA53-AB4AFCE0F635}.Ad-Hoc|iPhone.ActiveCfg = Debug|Any CPU
		{200C771F-A834-4105-BA53-AB4AFCE0F635}.Ad-Hoc|iPhone.Build.0 = Debug|Any CPU
		{200C771F-A834-4105-BA53-AB4AFCE0F635}.Ad-Hoc|iPhoneSimulator.ActiveCfg = Debug|Any CPU
		{200C771F-A834-4105-BA53-AB4AFCE0F635}.Ad-Hoc|iPhoneSimulator.Build.0 = Debug|Any CPU
		{200C771F-A834-4105-BA53-AB4AFCE0F635}.Ad-Hoc|x64.ActiveCfg = Debug|Any CPU
		{200C771F-A834-4105-BA53-AB4AFCE0F635}.Ad-Hoc|x64.Build.0 = Debug|Any CPU
		{200C771F-A834-4105-BA53-AB4AFCE0F635}.Ad-Hoc|x86.ActiveCfg = Debug|Any CPU
		{200C771F-A834-4105-BA53-AB4AFCE0F635}.Ad-Hoc|x86.Build.0 = Debug|Any CPU
		{200C771F-A834-4105-BA53-AB4AFCE0F635}.AppStore|Any CPU.ActiveCfg = Debug|Any CPU
		{200C771F-A834-4105-BA53-AB4AFCE0F635}.AppStore|Any CPU.Build.0 = Debug|Any CPU
		{200C771F-A834-4105-BA53-AB4AFCE0F635}.AppStore|ARM.ActiveCfg = Debug|Any CPU
		{200C771F-A834-4105-BA53-AB4AFCE0F635}.AppStore|ARM.Build.0 = Debug|Any CPU
		{200C771F-A834-4105-BA53-AB4AFCE0F635}.AppStore|iPhone.ActiveCfg = Debug|Any CPU
		{200C771F-A834-4105-BA53-AB4AFCE0F635}.AppStore|iPhone.Build.0 = Debug|Any CPU
		{200C771F-A834-4105-BA53-AB4AFCE0F635}.AppStore|iPhoneSimulator.ActiveCfg = Debug|Any CPU
		{200C771F-A834-4105-BA53-AB4AFCE0F635}.AppStore|iPhoneSimulator.Build.0 = Debug|Any CPU
		{200C771F-A834-4105-BA53-AB4AFCE0F635}.AppStore|x64.ActiveCfg = Debug|Any CPU
		{200C771F-A834-4105-BA53-AB4AFCE0F635}.AppStore|x64.Build.0 = Debug|Any CPU
		{200C771F-A834-4105-BA53-AB4AFCE0F635}.AppStore|x86.ActiveCfg = Debug|Any CPU
		{200C771F-A834-4105-BA53-AB4AFCE0F635}.AppStore|x86.Build.0 = Debug|Any CPU
		{200C771F-A834-4105-BA53-AB4AFCE0F635}.Debug|Any CPU.ActiveCfg = Debug|Any CPU
		{200C771F-A834-4105-BA53-AB4AFCE0F635}.Debug|Any CPU.Build.0 = Debug|Any CPU
		{200C771F-A834-4105-BA53-AB4AFCE0F635}.Debug|ARM.ActiveCfg = Debug|Any CPU
		{200C771F-A834-4105-BA53-AB4AFCE0F635}.Debug|ARM.Build.0 = Debug|Any CPU
		{200C771F-A834-4105-BA53-AB4AFCE0F635}.Debug|iPhone.ActiveCfg = Debug|Any CPU
		{200C771F-A834-4105-BA53-AB4AFCE0F635}.Debug|iPhone.Build.0 = Debug|Any CPU
		{200C771F-A834-4105-BA53-AB4AFCE0F635}.Debug|iPhoneSimulator.ActiveCfg = Debug|Any CPU
		{200C771F-A834-4105-BA53-AB4AFCE0F635}.Debug|iPhoneSimulator.Build.0 = Debug|Any CPU
		{200C771F-A834-4105-BA53-AB4AFCE0F635}.Debug|x64.ActiveCfg = Debug|Any CPU
		{200C771F-A834-4105-BA53-AB4AFCE0F635}.Debug|x64.Build.0 = Debug|Any CPU
		{200C771F-A834-4105-BA53-AB4AFCE0F635}.Debug|x86.ActiveCfg = Debug|Any CPU
		{200C771F-A834-4105-BA53-AB4AFCE0F635}.Debug|x86.Build.0 = Debug|Any CPU
		{200C771F-A834-4105-BA53-AB4AFCE0F635}.Release|Any CPU.ActiveCfg = Release|Any CPU
		{200C771F-A834-4105-BA53-AB4AFCE0F635}.Release|Any CPU.Build.0 = Release|Any CPU
		{200C771F-A834-4105-BA53-AB4AFCE0F635}.Release|ARM.ActiveCfg = Release|Any CPU
		{200C771F-A834-4105-BA53-AB4AFCE0F635}.Release|ARM.Build.0 = Release|Any CPU
		{200C771F-A834-4105-BA53-AB4AFCE0F635}.Release|iPhone.ActiveCfg = Release|Any CPU
		{200C771F-A834-4105-BA53-AB4AFCE0F635}.Release|iPhone.Build.0 = Release|Any CPU
		{200C771F-A834-4105-BA53-AB4AFCE0F635}.Release|iPhoneSimulator.ActiveCfg = Release|Any CPU
		{200C771F-A834-4105-BA53-AB4AFCE0F635}.Release|iPhoneSimulator.Build.0 = Release|Any CPU
		{200C771F-A834-4105-BA53-AB4AFCE0F635}.Release|x64.ActiveCfg = Release|Any CPU
		{200C771F-A834-4105-BA53-AB4AFCE0F635}.Release|x64.Build.0 = Release|Any CPU
		{200C771F-A834-4105-BA53-AB4AFCE0F635}.Release|x86.ActiveCfg = Release|Any CPU
		{200C771F-A834-4105-BA53-AB4AFCE0F635}.Release|x86.Build.0 = Release|Any CPU
		{95539E5F-D897-4B95-9396-9F3329C56619}.Ad-Hoc|Any CPU.ActiveCfg = Ad-Hoc|iPhone
		{95539E5F-D897-4B95-9396-9F3329C56619}.Ad-Hoc|ARM.ActiveCfg = Ad-Hoc|iPhone
		{95539E5F-D897-4B95-9396-9F3329C56619}.Ad-Hoc|iPhone.ActiveCfg = Ad-Hoc|iPhone
		{95539E5F-D897-4B95-9396-9F3329C56619}.Ad-Hoc|iPhone.Build.0 = Ad-Hoc|iPhone
		{95539E5F-D897-4B95-9396-9F3329C56619}.Ad-Hoc|iPhoneSimulator.ActiveCfg = Ad-Hoc|iPhoneSimulator
		{95539E5F-D897-4B95-9396-9F3329C56619}.Ad-Hoc|iPhoneSimulator.Build.0 = Ad-Hoc|iPhoneSimulator
		{95539E5F-D897-4B95-9396-9F3329C56619}.Ad-Hoc|x64.ActiveCfg = Ad-Hoc|iPhone
		{95539E5F-D897-4B95-9396-9F3329C56619}.Ad-Hoc|x86.ActiveCfg = Ad-Hoc|iPhone
		{95539E5F-D897-4B95-9396-9F3329C56619}.AppStore|Any CPU.ActiveCfg = AppStore|iPhone
		{95539E5F-D897-4B95-9396-9F3329C56619}.AppStore|ARM.ActiveCfg = AppStore|iPhone
		{95539E5F-D897-4B95-9396-9F3329C56619}.AppStore|iPhone.ActiveCfg = AppStore|iPhone
		{95539E5F-D897-4B95-9396-9F3329C56619}.AppStore|iPhone.Build.0 = AppStore|iPhone
		{95539E5F-D897-4B95-9396-9F3329C56619}.AppStore|iPhoneSimulator.ActiveCfg = AppStore|iPhoneSimulator
		{95539E5F-D897-4B95-9396-9F3329C56619}.AppStore|iPhoneSimulator.Build.0 = AppStore|iPhoneSimulator
		{95539E5F-D897-4B95-9396-9F3329C56619}.AppStore|x64.ActiveCfg = AppStore|iPhone
		{95539E5F-D897-4B95-9396-9F3329C56619}.AppStore|x86.ActiveCfg = AppStore|iPhone
		{95539E5F-D897-4B95-9396-9F3329C56619}.Debug|Any CPU.ActiveCfg = Debug|iPhone
		{95539E5F-D897-4B95-9396-9F3329C56619}.Debug|ARM.ActiveCfg = Debug|iPhone
		{95539E5F-D897-4B95-9396-9F3329C56619}.Debug|iPhone.ActiveCfg = Debug|iPhone
		{95539E5F-D897-4B95-9396-9F3329C56619}.Debug|iPhone.Build.0 = Debug|iPhone
		{95539E5F-D897-4B95-9396-9F3329C56619}.Debug|iPhoneSimulator.ActiveCfg = Debug|iPhoneSimulator
		{95539E5F-D897-4B95-9396-9F3329C56619}.Debug|iPhoneSimulator.Build.0 = Debug|iPhoneSimulator
		{95539E5F-D897-4B95-9396-9F3329C56619}.Debug|x64.ActiveCfg = Debug|iPhone
		{95539E5F-D897-4B95-9396-9F3329C56619}.Debug|x86.ActiveCfg = Debug|iPhone
		{95539E5F-D897-4B95-9396-9F3329C56619}.Release|Any CPU.ActiveCfg = Release|iPhone
		{95539E5F-D897-4B95-9396-9F3329C56619}.Release|ARM.ActiveCfg = Release|iPhone
		{95539E5F-D897-4B95-9396-9F3329C56619}.Release|iPhone.ActiveCfg = Release|iPhone
		{95539E5F-D897-4B95-9396-9F3329C56619}.Release|iPhone.Build.0 = Release|iPhone
		{95539E5F-D897-4B95-9396-9F3329C56619}.Release|iPhoneSimulator.ActiveCfg = Release|iPhoneSimulator
		{95539E5F-D897-4B95-9396-9F3329C56619}.Release|iPhoneSimulator.Build.0 = Release|iPhoneSimulator
		{95539E5F-D897-4B95-9396-9F3329C56619}.Release|x64.ActiveCfg = Release|iPhone
		{95539E5F-D897-4B95-9396-9F3329C56619}.Release|x86.ActiveCfg = Release|iPhone
		{814F3198-D818-4FB3-95DD-E33BCFE8C40F}.Ad-Hoc|Any CPU.ActiveCfg = Release|x86
		{814F3198-D818-4FB3-95DD-E33BCFE8C40F}.Ad-Hoc|Any CPU.Build.0 = Release|x86
		{814F3198-D818-4FB3-95DD-E33BCFE8C40F}.Ad-Hoc|Any CPU.Deploy.0 = Release|x86
		{814F3198-D818-4FB3-95DD-E33BCFE8C40F}.Ad-Hoc|ARM.ActiveCfg = Release|ARM
		{814F3198-D818-4FB3-95DD-E33BCFE8C40F}.Ad-Hoc|ARM.Build.0 = Release|ARM
		{814F3198-D818-4FB3-95DD-E33BCFE8C40F}.Ad-Hoc|ARM.Deploy.0 = Release|ARM
		{814F3198-D818-4FB3-95DD-E33BCFE8C40F}.Ad-Hoc|iPhone.ActiveCfg = Release|x86
		{814F3198-D818-4FB3-95DD-E33BCFE8C40F}.Ad-Hoc|iPhone.Build.0 = Release|x86
		{814F3198-D818-4FB3-95DD-E33BCFE8C40F}.Ad-Hoc|iPhone.Deploy.0 = Release|x86
		{814F3198-D818-4FB3-95DD-E33BCFE8C40F}.Ad-Hoc|iPhoneSimulator.ActiveCfg = Release|x86
		{814F3198-D818-4FB3-95DD-E33BCFE8C40F}.Ad-Hoc|iPhoneSimulator.Build.0 = Release|x86
		{814F3198-D818-4FB3-95DD-E33BCFE8C40F}.Ad-Hoc|iPhoneSimulator.Deploy.0 = Release|x86
		{814F3198-D818-4FB3-95DD-E33BCFE8C40F}.Ad-Hoc|x64.ActiveCfg = Release|x64
		{814F3198-D818-4FB3-95DD-E33BCFE8C40F}.Ad-Hoc|x64.Build.0 = Release|x64
		{814F3198-D818-4FB3-95DD-E33BCFE8C40F}.Ad-Hoc|x64.Deploy.0 = Release|x64
		{814F3198-D818-4FB3-95DD-E33BCFE8C40F}.Ad-Hoc|x86.ActiveCfg = Release|x86
		{814F3198-D818-4FB3-95DD-E33BCFE8C40F}.Ad-Hoc|x86.Build.0 = Release|x86
		{814F3198-D818-4FB3-95DD-E33BCFE8C40F}.Ad-Hoc|x86.Deploy.0 = Release|x86
		{814F3198-D818-4FB3-95DD-E33BCFE8C40F}.AppStore|Any CPU.ActiveCfg = Release|x86
		{814F3198-D818-4FB3-95DD-E33BCFE8C40F}.AppStore|Any CPU.Build.0 = Release|x86
		{814F3198-D818-4FB3-95DD-E33BCFE8C40F}.AppStore|Any CPU.Deploy.0 = Release|x86
		{814F3198-D818-4FB3-95DD-E33BCFE8C40F}.AppStore|ARM.ActiveCfg = Release|ARM
		{814F3198-D818-4FB3-95DD-E33BCFE8C40F}.AppStore|ARM.Build.0 = Release|ARM
		{814F3198-D818-4FB3-95DD-E33BCFE8C40F}.AppStore|ARM.Deploy.0 = Release|ARM
		{814F3198-D818-4FB3-95DD-E33BCFE8C40F}.AppStore|iPhone.ActiveCfg = Release|x86
		{814F3198-D818-4FB3-95DD-E33BCFE8C40F}.AppStore|iPhone.Build.0 = Release|x86
		{814F3198-D818-4FB3-95DD-E33BCFE8C40F}.AppStore|iPhone.Deploy.0 = Release|x86
		{814F3198-D818-4FB3-95DD-E33BCFE8C40F}.AppStore|iPhoneSimulator.ActiveCfg = Release|x86
		{814F3198-D818-4FB3-95DD-E33BCFE8C40F}.AppStore|iPhoneSimulator.Build.0 = Release|x86
		{814F3198-D818-4FB3-95DD-E33BCFE8C40F}.AppStore|iPhoneSimulator.Deploy.0 = Release|x86
		{814F3198-D818-4FB3-95DD-E33BCFE8C40F}.AppStore|x64.ActiveCfg = Release|x64
		{814F3198-D818-4FB3-95DD-E33BCFE8C40F}.AppStore|x64.Build.0 = Release|x64
		{814F3198-D818-4FB3-95DD-E33BCFE8C40F}.AppStore|x64.Deploy.0 = Release|x64
		{814F3198-D818-4FB3-95DD-E33BCFE8C40F}.AppStore|x86.ActiveCfg = Release|x86
		{814F3198-D818-4FB3-95DD-E33BCFE8C40F}.AppStore|x86.Build.0 = Release|x86
		{814F3198-D818-4FB3-95DD-E33BCFE8C40F}.AppStore|x86.Deploy.0 = Release|x86
		{814F3198-D818-4FB3-95DD-E33BCFE8C40F}.Debug|Any CPU.ActiveCfg = Debug|x86
		{814F3198-D818-4FB3-95DD-E33BCFE8C40F}.Debug|ARM.ActiveCfg = Debug|ARM
		{814F3198-D818-4FB3-95DD-E33BCFE8C40F}.Debug|ARM.Build.0 = Debug|ARM
		{814F3198-D818-4FB3-95DD-E33BCFE8C40F}.Debug|ARM.Deploy.0 = Debug|ARM
		{814F3198-D818-4FB3-95DD-E33BCFE8C40F}.Debug|iPhone.ActiveCfg = Debug|x86
		{814F3198-D818-4FB3-95DD-E33BCFE8C40F}.Debug|iPhoneSimulator.ActiveCfg = Debug|x86
		{814F3198-D818-4FB3-95DD-E33BCFE8C40F}.Debug|x64.ActiveCfg = Debug|x64
		{814F3198-D818-4FB3-95DD-E33BCFE8C40F}.Debug|x64.Build.0 = Debug|x64
		{814F3198-D818-4FB3-95DD-E33BCFE8C40F}.Debug|x64.Deploy.0 = Debug|x64
		{814F3198-D818-4FB3-95DD-E33BCFE8C40F}.Debug|x86.ActiveCfg = Debug|x86
		{814F3198-D818-4FB3-95DD-E33BCFE8C40F}.Debug|x86.Build.0 = Debug|x86
		{814F3198-D818-4FB3-95DD-E33BCFE8C40F}.Debug|x86.Deploy.0 = Debug|x86
		{814F3198-D818-4FB3-95DD-E33BCFE8C40F}.Release|Any CPU.ActiveCfg = Release|x86
		{814F3198-D818-4FB3-95DD-E33BCFE8C40F}.Release|ARM.ActiveCfg = Release|ARM
		{814F3198-D818-4FB3-95DD-E33BCFE8C40F}.Release|ARM.Build.0 = Release|ARM
		{814F3198-D818-4FB3-95DD-E33BCFE8C40F}.Release|ARM.Deploy.0 = Release|ARM
		{814F3198-D818-4FB3-95DD-E33BCFE8C40F}.Release|iPhone.ActiveCfg = Release|x86
		{814F3198-D818-4FB3-95DD-E33BCFE8C40F}.Release|iPhoneSimulator.ActiveCfg = Release|x86
		{814F3198-D818-4FB3-95DD-E33BCFE8C40F}.Release|x64.ActiveCfg = Release|x64
		{814F3198-D818-4FB3-95DD-E33BCFE8C40F}.Release|x64.Build.0 = Release|x64
		{814F3198-D818-4FB3-95DD-E33BCFE8C40F}.Release|x64.Deploy.0 = Release|x64
		{814F3198-D818-4FB3-95DD-E33BCFE8C40F}.Release|x86.ActiveCfg = Release|x86
		{814F3198-D818-4FB3-95DD-E33BCFE8C40F}.Release|x86.Build.0 = Release|x86
		{814F3198-D818-4FB3-95DD-E33BCFE8C40F}.Release|x86.Deploy.0 = Release|x86
		{20FDA6ED-B68E-4610-807B-F358668F181E}.Ad-Hoc|Any CPU.ActiveCfg = Release|Any CPU
		{20FDA6ED-B68E-4610-807B-F358668F181E}.Ad-Hoc|Any CPU.Build.0 = Release|Any CPU
		{20FDA6ED-B68E-4610-807B-F358668F181E}.Ad-Hoc|Any CPU.Deploy.0 = Release|Any CPU
		{20FDA6ED-B68E-4610-807B-F358668F181E}.Ad-Hoc|ARM.ActiveCfg = Release|Any CPU
		{20FDA6ED-B68E-4610-807B-F358668F181E}.Ad-Hoc|ARM.Build.0 = Release|Any CPU
		{20FDA6ED-B68E-4610-807B-F358668F181E}.Ad-Hoc|ARM.Deploy.0 = Release|Any CPU
		{20FDA6ED-B68E-4610-807B-F358668F181E}.Ad-Hoc|iPhone.ActiveCfg = Release|Any CPU
		{20FDA6ED-B68E-4610-807B-F358668F181E}.Ad-Hoc|iPhone.Build.0 = Release|Any CPU
		{20FDA6ED-B68E-4610-807B-F358668F181E}.Ad-Hoc|iPhone.Deploy.0 = Release|Any CPU
		{20FDA6ED-B68E-4610-807B-F358668F181E}.Ad-Hoc|iPhoneSimulator.ActiveCfg = Release|Any CPU
		{20FDA6ED-B68E-4610-807B-F358668F181E}.Ad-Hoc|iPhoneSimulator.Build.0 = Release|Any CPU
		{20FDA6ED-B68E-4610-807B-F358668F181E}.Ad-Hoc|iPhoneSimulator.Deploy.0 = Release|Any CPU
		{20FDA6ED-B68E-4610-807B-F358668F181E}.Ad-Hoc|x64.ActiveCfg = Release|Any CPU
		{20FDA6ED-B68E-4610-807B-F358668F181E}.Ad-Hoc|x64.Build.0 = Release|Any CPU
		{20FDA6ED-B68E-4610-807B-F358668F181E}.Ad-Hoc|x64.Deploy.0 = Release|Any CPU
		{20FDA6ED-B68E-4610-807B-F358668F181E}.Ad-Hoc|x86.ActiveCfg = Release|Any CPU
		{20FDA6ED-B68E-4610-807B-F358668F181E}.Ad-Hoc|x86.Build.0 = Release|Any CPU
		{20FDA6ED-B68E-4610-807B-F358668F181E}.Ad-Hoc|x86.Deploy.0 = Release|Any CPU
		{20FDA6ED-B68E-4610-807B-F358668F181E}.AppStore|Any CPU.ActiveCfg = Release|Any CPU
		{20FDA6ED-B68E-4610-807B-F358668F181E}.AppStore|Any CPU.Build.0 = Release|Any CPU
		{20FDA6ED-B68E-4610-807B-F358668F181E}.AppStore|Any CPU.Deploy.0 = Release|Any CPU
		{20FDA6ED-B68E-4610-807B-F358668F181E}.AppStore|ARM.ActiveCfg = Release|Any CPU
		{20FDA6ED-B68E-4610-807B-F358668F181E}.AppStore|ARM.Build.0 = Release|Any CPU
		{20FDA6ED-B68E-4610-807B-F358668F181E}.AppStore|ARM.Deploy.0 = Release|Any CPU
		{20FDA6ED-B68E-4610-807B-F358668F181E}.AppStore|iPhone.ActiveCfg = Release|Any CPU
		{20FDA6ED-B68E-4610-807B-F358668F181E}.AppStore|iPhone.Build.0 = Release|Any CPU
		{20FDA6ED-B68E-4610-807B-F358668F181E}.AppStore|iPhone.Deploy.0 = Release|Any CPU
		{20FDA6ED-B68E-4610-807B-F358668F181E}.AppStore|iPhoneSimulator.ActiveCfg = Release|Any CPU
		{20FDA6ED-B68E-4610-807B-F358668F181E}.AppStore|iPhoneSimulator.Build.0 = Release|Any CPU
		{20FDA6ED-B68E-4610-807B-F358668F181E}.AppStore|iPhoneSimulator.Deploy.0 = Release|Any CPU
		{20FDA6ED-B68E-4610-807B-F358668F181E}.AppStore|x64.ActiveCfg = Release|Any CPU
		{20FDA6ED-B68E-4610-807B-F358668F181E}.AppStore|x64.Build.0 = Release|Any CPU
		{20FDA6ED-B68E-4610-807B-F358668F181E}.AppStore|x64.Deploy.0 = Release|Any CPU
		{20FDA6ED-B68E-4610-807B-F358668F181E}.AppStore|x86.ActiveCfg = Release|Any CPU
		{20FDA6ED-B68E-4610-807B-F358668F181E}.AppStore|x86.Build.0 = Release|Any CPU
		{20FDA6ED-B68E-4610-807B-F358668F181E}.AppStore|x86.Deploy.0 = Release|Any CPU
		{20FDA6ED-B68E-4610-807B-F358668F181E}.Debug|Any CPU.ActiveCfg = Debug|Any CPU
		{20FDA6ED-B68E-4610-807B-F358668F181E}.Debug|Any CPU.Build.0 = Debug|Any CPU
		{20FDA6ED-B68E-4610-807B-F358668F181E}.Debug|Any CPU.Deploy.0 = Debug|Any CPU
		{20FDA6ED-B68E-4610-807B-F358668F181E}.Debug|ARM.ActiveCfg = Debug|Any CPU
		{20FDA6ED-B68E-4610-807B-F358668F181E}.Debug|ARM.Build.0 = Debug|Any CPU
		{20FDA6ED-B68E-4610-807B-F358668F181E}.Debug|ARM.Deploy.0 = Debug|Any CPU
		{20FDA6ED-B68E-4610-807B-F358668F181E}.Debug|iPhone.ActiveCfg = Debug|Any CPU
		{20FDA6ED-B68E-4610-807B-F358668F181E}.Debug|iPhone.Build.0 = Debug|Any CPU
		{20FDA6ED-B68E-4610-807B-F358668F181E}.Debug|iPhone.Deploy.0 = Debug|Any CPU
		{20FDA6ED-B68E-4610-807B-F358668F181E}.Debug|iPhoneSimulator.ActiveCfg = Debug|Any CPU
		{20FDA6ED-B68E-4610-807B-F358668F181E}.Debug|iPhoneSimulator.Build.0 = Debug|Any CPU
		{20FDA6ED-B68E-4610-807B-F358668F181E}.Debug|iPhoneSimulator.Deploy.0 = Debug|Any CPU
		{20FDA6ED-B68E-4610-807B-F358668F181E}.Debug|x64.ActiveCfg = Debug|Any CPU
		{20FDA6ED-B68E-4610-807B-F358668F181E}.Debug|x64.Build.0 = Debug|Any CPU
		{20FDA6ED-B68E-4610-807B-F358668F181E}.Debug|x64.Deploy.0 = Debug|Any CPU
		{20FDA6ED-B68E-4610-807B-F358668F181E}.Debug|x86.ActiveCfg = Debug|Any CPU
		{20FDA6ED-B68E-4610-807B-F358668F181E}.Debug|x86.Build.0 = Debug|Any CPU
		{20FDA6ED-B68E-4610-807B-F358668F181E}.Debug|x86.Deploy.0 = Debug|Any CPU
		{20FDA6ED-B68E-4610-807B-F358668F181E}.Release|Any CPU.ActiveCfg = Release|Any CPU
		{20FDA6ED-B68E-4610-807B-F358668F181E}.Release|Any CPU.Build.0 = Release|Any CPU
		{20FDA6ED-B68E-4610-807B-F358668F181E}.Release|Any CPU.Deploy.0 = Release|Any CPU
		{20FDA6ED-B68E-4610-807B-F358668F181E}.Release|ARM.ActiveCfg = Release|Any CPU
		{20FDA6ED-B68E-4610-807B-F358668F181E}.Release|ARM.Build.0 = Release|Any CPU
		{20FDA6ED-B68E-4610-807B-F358668F181E}.Release|ARM.Deploy.0 = Release|Any CPU
		{20FDA6ED-B68E-4610-807B-F358668F181E}.Release|iPhone.ActiveCfg = Release|Any CPU
		{20FDA6ED-B68E-4610-807B-F358668F181E}.Release|iPhone.Build.0 = Release|Any CPU
		{20FDA6ED-B68E-4610-807B-F358668F181E}.Release|iPhone.Deploy.0 = Release|Any CPU
		{20FDA6ED-B68E-4610-807B-F358668F181E}.Release|iPhoneSimulator.ActiveCfg = Release|Any CPU
		{20FDA6ED-B68E-4610-807B-F358668F181E}.Release|iPhoneSimulator.Build.0 = Release|Any CPU
		{20FDA6ED-B68E-4610-807B-F358668F181E}.Release|iPhoneSimulator.Deploy.0 = Release|Any CPU
		{20FDA6ED-B68E-4610-807B-F358668F181E}.Release|x64.ActiveCfg = Release|Any CPU
		{20FDA6ED-B68E-4610-807B-F358668F181E}.Release|x64.Build.0 = Release|Any CPU
		{20FDA6ED-B68E-4610-807B-F358668F181E}.Release|x64.Deploy.0 = Release|Any CPU
		{20FDA6ED-B68E-4610-807B-F358668F181E}.Release|x86.ActiveCfg = Release|Any CPU
		{20FDA6ED-B68E-4610-807B-F358668F181E}.Release|x86.Build.0 = Release|Any CPU
		{20FDA6ED-B68E-4610-807B-F358668F181E}.Release|x86.Deploy.0 = Release|Any CPU
		{B445DF73-AC9E-4276-9FBA-7CB5AD5D2518}.Ad-Hoc|Any CPU.ActiveCfg = Release|Any CPU
		{B445DF73-AC9E-4276-9FBA-7CB5AD5D2518}.Ad-Hoc|Any CPU.Build.0 = Release|Any CPU
		{B445DF73-AC9E-4276-9FBA-7CB5AD5D2518}.Ad-Hoc|ARM.ActiveCfg = Release|Any CPU
		{B445DF73-AC9E-4276-9FBA-7CB5AD5D2518}.Ad-Hoc|ARM.Build.0 = Release|Any CPU
		{B445DF73-AC9E-4276-9FBA-7CB5AD5D2518}.Ad-Hoc|iPhone.ActiveCfg = Release|Any CPU
		{B445DF73-AC9E-4276-9FBA-7CB5AD5D2518}.Ad-Hoc|iPhone.Build.0 = Release|Any CPU
		{B445DF73-AC9E-4276-9FBA-7CB5AD5D2518}.Ad-Hoc|iPhoneSimulator.ActiveCfg = Release|Any CPU
		{B445DF73-AC9E-4276-9FBA-7CB5AD5D2518}.Ad-Hoc|iPhoneSimulator.Build.0 = Release|Any CPU
		{B445DF73-AC9E-4276-9FBA-7CB5AD5D2518}.Ad-Hoc|x64.ActiveCfg = Release|Any CPU
		{B445DF73-AC9E-4276-9FBA-7CB5AD5D2518}.Ad-Hoc|x64.Build.0 = Release|Any CPU
		{B445DF73-AC9E-4276-9FBA-7CB5AD5D2518}.Ad-Hoc|x86.ActiveCfg = Release|Any CPU
		{B445DF73-AC9E-4276-9FBA-7CB5AD5D2518}.Ad-Hoc|x86.Build.0 = Release|Any CPU
		{B445DF73-AC9E-4276-9FBA-7CB5AD5D2518}.AppStore|Any CPU.ActiveCfg = Release|Any CPU
		{B445DF73-AC9E-4276-9FBA-7CB5AD5D2518}.AppStore|Any CPU.Build.0 = Release|Any CPU
		{B445DF73-AC9E-4276-9FBA-7CB5AD5D2518}.AppStore|ARM.ActiveCfg = Release|Any CPU
		{B445DF73-AC9E-4276-9FBA-7CB5AD5D2518}.AppStore|ARM.Build.0 = Release|Any CPU
		{B445DF73-AC9E-4276-9FBA-7CB5AD5D2518}.AppStore|iPhone.ActiveCfg = Release|Any CPU
		{B445DF73-AC9E-4276-9FBA-7CB5AD5D2518}.AppStore|iPhone.Build.0 = Release|Any CPU
		{B445DF73-AC9E-4276-9FBA-7CB5AD5D2518}.AppStore|iPhoneSimulator.ActiveCfg = Release|Any CPU
		{B445DF73-AC9E-4276-9FBA-7CB5AD5D2518}.AppStore|iPhoneSimulator.Build.0 = Release|Any CPU
		{B445DF73-AC9E-4276-9FBA-7CB5AD5D2518}.AppStore|x64.ActiveCfg = Release|Any CPU
		{B445DF73-AC9E-4276-9FBA-7CB5AD5D2518}.AppStore|x64.Build.0 = Release|Any CPU
		{B445DF73-AC9E-4276-9FBA-7CB5AD5D2518}.AppStore|x86.ActiveCfg = Release|Any CPU
		{B445DF73-AC9E-4276-9FBA-7CB5AD5D2518}.AppStore|x86.Build.0 = Release|Any CPU
		{B445DF73-AC9E-4276-9FBA-7CB5AD5D2518}.Debug|Any CPU.ActiveCfg = Debug|Any CPU
		{B445DF73-AC9E-4276-9FBA-7CB5AD5D2518}.Debug|Any CPU.Build.0 = Debug|Any CPU
		{B445DF73-AC9E-4276-9FBA-7CB5AD5D2518}.Debug|ARM.ActiveCfg = Debug|Any CPU
		{B445DF73-AC9E-4276-9FBA-7CB5AD5D2518}.Debug|ARM.Build.0 = Debug|Any CPU
		{B445DF73-AC9E-4276-9FBA-7CB5AD5D2518}.Debug|iPhone.ActiveCfg = Debug|Any CPU
		{B445DF73-AC9E-4276-9FBA-7CB5AD5D2518}.Debug|iPhone.Build.0 = Debug|Any CPU
		{B445DF73-AC9E-4276-9FBA-7CB5AD5D2518}.Debug|iPhoneSimulator.ActiveCfg = Debug|Any CPU
		{B445DF73-AC9E-4276-9FBA-7CB5AD5D2518}.Debug|iPhoneSimulator.Build.0 = Debug|Any CPU
		{B445DF73-AC9E-4276-9FBA-7CB5AD5D2518}.Debug|x64.ActiveCfg = Debug|Any CPU
		{B445DF73-AC9E-4276-9FBA-7CB5AD5D2518}.Debug|x64.Build.0 = Debug|Any CPU
		{B445DF73-AC9E-4276-9FBA-7CB5AD5D2518}.Debug|x86.ActiveCfg = Debug|Any CPU
		{B445DF73-AC9E-4276-9FBA-7CB5AD5D2518}.Debug|x86.Build.0 = Debug|Any CPU
		{B445DF73-AC9E-4276-9FBA-7CB5AD5D2518}.Release|Any CPU.ActiveCfg = Release|Any CPU
		{B445DF73-AC9E-4276-9FBA-7CB5AD5D2518}.Release|Any CPU.Build.0 = Release|Any CPU
		{B445DF73-AC9E-4276-9FBA-7CB5AD5D2518}.Release|ARM.ActiveCfg = Release|Any CPU
		{B445DF73-AC9E-4276-9FBA-7CB5AD5D2518}.Release|ARM.Build.0 = Release|Any CPU
		{B445DF73-AC9E-4276-9FBA-7CB5AD5D2518}.Release|iPhone.ActiveCfg = Release|Any CPU
		{B445DF73-AC9E-4276-9FBA-7CB5AD5D2518}.Release|iPhone.Build.0 = Release|Any CPU
		{B445DF73-AC9E-4276-9FBA-7CB5AD5D2518}.Release|iPhoneSimulator.ActiveCfg = Release|Any CPU
		{B445DF73-AC9E-4276-9FBA-7CB5AD5D2518}.Release|iPhoneSimulator.Build.0 = Release|Any CPU
		{B445DF73-AC9E-4276-9FBA-7CB5AD5D2518}.Release|x64.ActiveCfg = Release|Any CPU
		{B445DF73-AC9E-4276-9FBA-7CB5AD5D2518}.Release|x64.Build.0 = Release|Any CPU
		{B445DF73-AC9E-4276-9FBA-7CB5AD5D2518}.Release|x86.ActiveCfg = Release|Any CPU
		{B445DF73-AC9E-4276-9FBA-7CB5AD5D2518}.Release|x86.Build.0 = Release|Any CPU
	EndGlobalSection
	GlobalSection(SolutionProperties) = preSolution
		HideSolutionNode = FALSE
	EndGlobalSection
	GlobalSection(ExtensibilityGlobals) = postSolution
		SolutionGuid = {F6D05029-56B8-4E45-AF2D-0E76295DDBA2}
	EndGlobalSection
EndGlobal
